# THIS IS AN AUTOGENERATED FILE. DO NOT EDIT THIS FILE DIRECTLY.
assets/Abel-OG.jpeg:
  development: 2017-11-02T10:40:30-04:00   36ec38b7c1220971aec7deb311e5d960
assets/abel-share.jpg:
  development: 2017-11-02T12:08:28-04:00   65b3bf9e6261df45aba16e8cd44777f4
assets/main.min.css:
  development: 2017-11-02T13:31:24-04:00   f6b1f975784c882c79717d54877238f2
assets/main.min.css.map:
  development: 2017-11-02T13:31:24-04:00   85aee2913c4889a5c4c42dd88b04efdf
assets/main.min.js:
  development: 2017-10-22T21:00:19-04:00   bfae6cca60da273e027f050fc3c865d3
assets/main.min.js.map:
  development: 2017-10-22T21:00:19-04:00   8294c04dc33f9dbc7122af66b640bb5f
assets/vendor.min.js:
  development: 2017-10-08T10:34:29-04:00   ee832158464054f6d861a49a7ef67673
layout/theme.liquid:
  development: 2017-11-02T11:02:07-04:00   7cc1dff961120850f942d0c8d8e3ffeb
sections/frontpage-collection.liquid:
  development: 2017-10-10T14:02:17-04:00   a97bb14958d8d8df17a2034896c1d975
snippets/ajax-cart-template.liquid:
  development: 2017-10-11T12:46:21-04:00   6349728185fbc01a28cd31fae02e32bc
snippets/footer-nav.liquid:
  development: 2017-10-07T23:30:27-04:00   ce498aeb1fbb1b9735a5a22aec8c9282
snippets/footer.liquid:
  development: 2017-10-06T13:59:07-04:00   60088424a05aa1e47897639be86a1e55
snippets/newsletter-signup.liquid:
  development: 2017-10-10T18:59:45-04:00   b9b3cd80025005c22a4119793cf0b6da
snippets/product-grid-item.liquid:
  development: 2017-10-09T18:39:23-04:00   f5dd5e8ee6d3f65e410c08e94e0218f0
snippets/site-nav.liquid:
  development: 2017-10-22T20:47:50-04:00   f3ef0d469fd80f32d7cfba8a33484feb
snippets/social-meta-tags.liquid:
  development: 2017-11-02T12:13:54-04:00   2bba35ef1a48af1f8211fe4c7b526345
templates/cart.liquid:
  development: 2017-10-22T20:58:11-04:00   5c233ee6937a4ef1612e4e95bd73b499
templates/product.liquid:
  development: 2017-10-10T18:34:26-04:00   f497b462be2868969263fea599214426
